{
  "nodes": {
    "base-orbital-compat-src": {
      "flake": false,
      "locked": {
        "host": "gitlab.redox-os.org",
        "lastModified": 1765748613,
        "narHash": "sha256-np5hnvfNlYsgFPqxZ7wVYQEci6dYglHeCoNhLr5dPF4=",
        "owner": "redox-os",
        "repo": "base",
        "rev": "620b4bd80c4f437adcaeec570b6cbba0487506d3",
        "type": "gitlab"
      },
      "original": {
        "host": "gitlab.redox-os.org",
        "owner": "redox-os",
        "repo": "base",
        "rev": "620b4bd80c4f437adcaeec570b6cbba0487506d3",
        "type": "gitlab"
      }
    },
    "base-src": {
      "flake": false,
      "locked": {
        "host": "gitlab.redox-os.org",
        "lastModified": 1771251464,
        "narHash": "sha256-bO29kxJ3fHpXOp19ojRZQkw/Aa4Deb2S9YsYJLdCBls=",
        "owner": "redox-os",
        "repo": "base",
        "rev": "4c8727ed40dfd54264c590e4d8a5d3407c5df650",
        "type": "gitlab"
      },
      "original": {
        "host": "gitlab.redox-os.org",
        "owner": "redox-os",
        "ref": "main",
        "repo": "base",
        "type": "gitlab"
      }
    },
    "bat-src": {
      "flake": false,
      "locked": {
        "lastModified": 1697044452,
        "narHash": "sha256-1RjlJEmY/jMf0IYQbrWrT1CHFyiqgarOl72u9xjjQiQ=",
        "owner": "sharkdp",
        "repo": "bat",
        "rev": "fc9546854f5a7b38823f4990453c6cde386bfd3b",
        "type": "github"
      },
      "original": {
        "owner": "sharkdp",
        "ref": "v0.24.0",
        "repo": "bat",
        "type": "github"
      }
    },
    "binutils-src": {
      "flake": false,
      "locked": {
        "host": "gitlab.redox-os.org",
        "lastModified": 1753534630,
        "narHash": "sha256-rA4538n+260JYCycVgWpCloxQULh/uSBcXolkvw9fPk=",
        "owner": "redox-os",
        "repo": "binutils",
        "rev": "d26234f8841c23c6c284f2892dfab5fde1c731ef",
        "type": "gitlab"
      },
      "original": {
        "host": "gitlab.redox-os.org",
        "owner": "redox-os",
        "ref": "master",
        "repo": "binutils",
        "type": "gitlab"
      }
    },
    "bootloader-src": {
      "flake": false,
      "locked": {
        "host": "gitlab.redox-os.org",
        "lastModified": 1770123628,
        "narHash": "sha256-hqARDrlOUkupdw9s1RCHA1UVt4IZLoGV+KMuVYpu/78=",
        "owner": "redox-os",
        "repo": "bootloader",
        "rev": "84a4e9c042e45d41bf0e7957267d768d8c5c4b5c",
        "type": "gitlab"
      },
      "original": {
        "host": "gitlab.redox-os.org",
        "owner": "redox-os",
        "ref": "master",
        "repo": "bootloader",
        "type": "gitlab"
      }
    },
    "cc-rs-src": {
      "flake": false,
      "locked": {
        "lastModified": 1727611272,
        "narHash": "sha256-qHnTYnx6aUDDZSuoVX521HPc6oC5mF4qJDCJEDZe9u0=",
        "owner": "tea",
        "repo": "cc-rs",
        "rev": "588ceacb084af41415690c57688e338a32a1f1b4",
        "type": "github"
      },
      "original": {
        "owner": "tea",
        "ref": "riscv-abi-arch-fix",
        "repo": "cc-rs",
        "type": "github"
      }
    },
    "compiler-builtins-src": {
      "flake": false,
      "locked": {
        "host": "gitlab.redox-os.org",
        "lastModified": 1644974285,
        "narHash": "sha256-zWnDtiM5F6O8EZJjrpcFbaflg3/DF2MlAA3D2TOFkBo=",
        "owner": "redox-os",
        "repo": "compiler-builtins",
        "rev": "4f7ca0a343314e7c534be194a06ef78734243884",
        "type": "gitlab"
      },
      "original": {
        "host": "gitlab.redox-os.org",
        "owner": "redox-os",
        "ref": "relibc_fix_dup_symbols",
        "repo": "compiler-builtins",
        "type": "gitlab"
      }
    },
    "crane": {
      "locked": {
        "lastModified": 1771121070,
        "narHash": "sha256-aIlv7FRXF9q70DNJPI237dEDAznSKaXmL5lfK/Id/bI=",
        "owner": "ipetkov",
        "repo": "crane",
        "rev": "a2812c19f1ed2e5ed5ce2ef7109798b575c180e1",
        "type": "github"
      },
      "original": {
        "owner": "ipetkov",
        "repo": "crane",
        "type": "github"
      }
    },
    "dlmalloc-rs-src": {
      "flake": false,
      "locked": {
        "host": "gitlab.redox-os.org",
        "lastModified": 1767488149,
        "narHash": "sha256-R01DAUYgHzmcohhlv5xCSadaeJHixpC0lVWbN9lbdrk=",
        "owner": "redox-os",
        "repo": "dlmalloc-rs",
        "rev": "3b0ee3b467401229b005df226bd32990ee7e3414",
        "type": "gitlab"
      },
      "original": {
        "host": "gitlab.redox-os.org",
        "owner": "redox-os",
        "ref": "main",
        "repo": "dlmalloc-rs",
        "type": "gitlab"
      }
    },
    "drm-rs-src": {
      "flake": false,
      "locked": {
        "lastModified": 1770853698,
        "narHash": "sha256-tzkezN1YcvVqAbERbQpCoCLGw6htljM7phvk1j+vTg8=",
        "owner": "Smithay",
        "repo": "drm-rs",
        "rev": "71b0b9c7c9ae249e7302e4ba75c9aff93ec6567e",
        "type": "github"
      },
      "original": {
        "owner": "Smithay",
        "repo": "drm-rs",
        "type": "github"
      }
    },
    "dust-src": {
      "flake": false,
      "locked": {
        "lastModified": 1711404085,
        "narHash": "sha256-HAd7UgIZBEEm2/R+5gmGuha8p5Bjg6SoJRh+bbLN3SU=",
        "owner": "bootandy",
        "repo": "dust",
        "rev": "082f15a0e2a5e8a573a2a42a65f146e755b982ed",
        "type": "github"
      },
      "original": {
        "owner": "bootandy",
        "ref": "v1.0.0",
        "repo": "dust",
        "type": "github"
      }
    },
    "extrautils-src": {
      "flake": false,
      "locked": {
        "host": "gitlab.redox-os.org",
        "lastModified": 1763476658,
        "narHash": "sha256-OGasTUINTHr+NuNL5BXXtX1IMWXu4cyAg9uj5P3Lm9E=",
        "owner": "redox-os",
        "repo": "extrautils",
        "rev": "fb669415bdc829639fbeb1318717d6b7c180f5f5",
        "type": "gitlab"
      },
      "original": {
        "host": "gitlab.redox-os.org",
        "owner": "redox-os",
        "ref": "master",
        "repo": "extrautils",
        "type": "gitlab"
      }
    },
    "fd-src": {
      "flake": false,
      "locked": {
        "lastModified": 1724354860,
        "narHash": "sha256-B+lOohoPH7UkRxRNTzSVt0SDrqEwh4hIvBF3uWliDEI=",
        "owner": "sharkdp",
        "repo": "fd",
        "rev": "b19136871310b01500b4f09eadd7387b8476be47",
        "type": "github"
      },
      "original": {
        "owner": "sharkdp",
        "ref": "v10.2.0",
        "repo": "fd",
        "type": "github"
      }
    },
    "fdt-src": {
      "flake": false,
      "locked": {
        "lastModified": 1716054044,
        "narHash": "sha256-gdW9GA9IZatbz3YhPH6U2slIDeb1KQHUAJIVs2kQKYg=",
        "owner": "repnop",
        "repo": "fdt",
        "rev": "2fb1409edd1877c714a0aa36b6a7c5351004be54",
        "type": "github"
      },
      "original": {
        "owner": "repnop",
        "repo": "fdt",
        "rev": "2fb1409edd1877c714a0aa36b6a7c5351004be54",
        "type": "github"
      }
    },
    "filetime-src": {
      "flake": false,
      "locked": {
        "lastModified": 1724701795,
        "narHash": "sha256-lU7dPotdnmyleS2B75SmDab7qJfEzmJnHPF18CN/Y98=",
        "owner": "jackpot51",
        "repo": "filetime",
        "rev": "186e19d3190ead16b05329400cb5b2350d8f44cf",
        "type": "github"
      },
      "original": {
        "owner": "jackpot51",
        "repo": "filetime",
        "type": "github"
      }
    },
    "flake-compat": {
      "flake": false,
      "locked": {
        "lastModified": 1767039857,
        "narHash": "sha256-vNpUSpF5Nuw8xvDLj2KCwwksIbjua2LZCqhV1LNRDns=",
        "owner": "NixOS",
        "repo": "flake-compat",
        "rev": "5edf11c44bc78a0d334f6334cdaf7d60d732daab",
        "type": "github"
      },
      "original": {
        "owner": "NixOS",
        "repo": "flake-compat",
        "type": "github"
      }
    },
    "flake-parts": {
      "inputs": {
        "nixpkgs-lib": [
          "nixpkgs"
        ]
      },
      "locked": {
        "lastModified": 1769996383,
        "narHash": "sha256-AnYjnFWgS49RlqX7LrC4uA+sCCDBj0Ry/WOJ5XWAsa0=",
        "owner": "hercules-ci",
        "repo": "flake-parts",
        "rev": "57928607ea566b5db3ad13af0e57e921e6b12381",
        "type": "github"
      },
      "original": {
        "owner": "hercules-ci",
        "repo": "flake-parts",
        "type": "github"
      }
    },
    "git-hooks": {
      "inputs": {
        "flake-compat": "flake-compat",
        "gitignore": "gitignore",
        "nixpkgs": [
          "nixpkgs"
        ]
      },
      "locked": {
        "lastModified": 1770726378,
        "narHash": "sha256-kck+vIbGOaM/dHea7aTBxdFYpeUl/jHOy5W3eyRvVx8=",
        "owner": "cachix",
        "repo": "git-hooks.nix",
        "rev": "5eaaedde414f6eb1aea8b8525c466dc37bba95ae",
        "type": "github"
      },
      "original": {
        "owner": "cachix",
        "repo": "git-hooks.nix",
        "type": "github"
      }
    },
    "gitignore": {
      "inputs": {
        "nixpkgs": [
          "git-hooks",
          "nixpkgs"
        ]
      },
      "locked": {
        "lastModified": 1709087332,
        "narHash": "sha256-HG2cCnktfHsKV0s4XW83gU3F57gaTljL9KNSuG6bnQs=",
        "owner": "hercules-ci",
        "repo": "gitignore.nix",
        "rev": "637db329424fd7e46cf4185293b9cc8c88c95394",
        "type": "github"
      },
      "original": {
        "owner": "hercules-ci",
        "repo": "gitignore.nix",
        "type": "github"
      }
    },
    "helix-src": {
      "flake": false,
      "locked": {
        "host": "gitlab.redox-os.org",
        "lastModified": 1719924337,
        "narHash": "sha256-3yhZuhbX6xEThkGbI1R7C5CGqUO37eZeihhej00t85g=",
        "owner": "redox-os",
        "repo": "helix",
        "rev": "a039755139d92737503f90652fa9b9e23035e128",
        "type": "gitlab"
      },
      "original": {
        "host": "gitlab.redox-os.org",
        "owner": "redox-os",
        "ref": "redox",
        "repo": "helix",
        "type": "gitlab"
      }
    },
    "hexyl-src": {
      "flake": false,
      "locked": {
        "lastModified": 1702333877,
        "narHash": "sha256-di7SBuB4LsnqlP3BdMcsSLj4zpyKA/ninVpRyR9AJaI=",
        "owner": "sharkdp",
        "repo": "hexyl",
        "rev": "7a9234c182b19070f8707468c572b5a0e6e704d4",
        "type": "github"
      },
      "original": {
        "owner": "sharkdp",
        "ref": "v0.14.0",
        "repo": "hexyl",
        "type": "github"
      }
    },
    "installer-src": {
      "flake": false,
      "locked": {
        "host": "gitlab.redox-os.org",
        "lastModified": 1771097516,
        "narHash": "sha256-9ymJLhV8Z2aajYVENJayJ55+hKkYWgqZy4e7fj49qF0=",
        "owner": "redox-os",
        "repo": "installer",
        "rev": "1840ceac85f773a65247ff3f52a7fa85d966b764",
        "type": "gitlab"
      },
      "original": {
        "host": "gitlab.redox-os.org",
        "owner": "redox-os",
        "ref": "master",
        "repo": "installer",
        "type": "gitlab"
      }
    },
    "ion-src": {
      "flake": false,
      "locked": {
        "host": "gitlab.redox-os.org",
        "lastModified": 1771204601,
        "narHash": "sha256-mgdCntKuhMoEL+TAejB0sQnVtQycY0jomiogj0GMseQ=",
        "owner": "redox-os",
        "repo": "ion",
        "rev": "1440704f7456fa4c9f873b7b17dd4f0369b0c4ab",
        "type": "gitlab"
      },
      "original": {
        "host": "gitlab.redox-os.org",
        "owner": "redox-os",
        "ref": "master",
        "repo": "ion",
        "type": "gitlab"
      }
    },
    "kernel-src": {
      "flake": false,
      "locked": {
        "host": "gitlab.redox-os.org",
        "lastModified": 1770902683,
        "narHash": "sha256-68HW4R2goK52aA1R0VSRVqQPu1TI1QIh8++3d1MPJP4=",
        "owner": "redox-os",
        "repo": "kernel",
        "rev": "5a8858ff8172ac9da6f3c3b69b77e98e449da053",
        "type": "gitlab"
      },
      "original": {
        "host": "gitlab.redox-os.org",
        "owner": "redox-os",
        "ref": "master",
        "repo": "kernel",
        "type": "gitlab"
      }
    },
    "liblibc-src": {
      "flake": false,
      "locked": {
        "host": "gitlab.redox-os.org",
        "lastModified": 1768937698,
        "narHash": "sha256-1dTwEqA4KAzUw/R4i9DyDvpDSyf8pvW7gSoAKZt82+4=",
        "owner": "redox-os",
        "repo": "liblibc",
        "rev": "bb7e4c633fabd9af4b161c4b077084f0da232e49",
        "type": "gitlab"
      },
      "original": {
        "host": "gitlab.redox-os.org",
        "owner": "redox-os",
        "ref": "redox-0.2",
        "repo": "liblibc",
        "type": "gitlab"
      }
    },
    "libredox-src": {
      "flake": false,
      "locked": {
        "host": "gitlab.redox-os.org",
        "lastModified": 1766846845,
        "narHash": "sha256-SVM6ng7jhoVTwj63nxVpgB8zm9um7OzrcJOHpwggpPs=",
        "owner": "redox-os",
        "repo": "libredox",
        "rev": "6a75c953a651e4d81022bb86796de4b302d5694c",
        "type": "gitlab"
      },
      "original": {
        "host": "gitlab.redox-os.org",
        "owner": "redox-os",
        "ref": "master",
        "repo": "libredox",
        "type": "gitlab"
      }
    },
    "netutils-src": {
      "flake": false,
      "locked": {
        "host": "gitlab.redox-os.org",
        "lastModified": 1764887732,
        "narHash": "sha256-HDhwhQmYda6cKeBjh81DbCAYJGcxu0AGKv+lWnLIlVo=",
        "owner": "redox-os",
        "repo": "netutils",
        "rev": "26ffc855a76a2c7f7cdde18cb23ed43810bd2b13",
        "type": "gitlab"
      },
      "original": {
        "host": "gitlab.redox-os.org",
        "owner": "redox-os",
        "ref": "master",
        "repo": "netutils",
        "type": "gitlab"
      }
    },
    "nixpkgs": {
      "locked": {
        "lastModified": 1771008912,
        "narHash": "sha256-gf2AmWVTs8lEq7z/3ZAsgnZDhWIckkb+ZnAo5RzSxJg=",
        "owner": "NixOS",
        "repo": "nixpkgs",
        "rev": "a82ccc39b39b621151d6732718e3e250109076fa",
        "type": "github"
      },
      "original": {
        "owner": "NixOS",
        "ref": "nixos-unstable",
        "repo": "nixpkgs",
        "type": "github"
      }
    },
    "object-src": {
      "flake": false,
      "locked": {
        "host": "gitlab.redox-os.org",
        "lastModified": 1736313393,
        "narHash": "sha256-1sLivUd2g2qMoNccoFjf77sSIN/k/M6oNCK6S2pISdA=",
        "owner": "andypython",
        "repo": "object",
        "rev": "7270e3f0d06e5ef4c2b80abc6166d31f4ddf4fea",
        "type": "gitlab"
      },
      "original": {
        "host": "gitlab.redox-os.org",
        "owner": "andypython",
        "ref": "master",
        "repo": "object",
        "type": "gitlab"
      }
    },
    "openlibm-src": {
      "flake": false,
      "locked": {
        "host": "gitlab.redox-os.org",
        "lastModified": 1757301398,
        "narHash": "sha256-jQoqfKE6CeXg/Gjy8O7wtlDQzxORRUqU56AoquCG7Y0=",
        "owner": "redox-os",
        "repo": "openlibm",
        "rev": "f5ed774593458e116e69731a3ffa59e2a6408d4e",
        "type": "gitlab"
      },
      "original": {
        "host": "gitlab.redox-os.org",
        "owner": "redox-os",
        "ref": "master",
        "repo": "openlibm",
        "type": "gitlab"
      }
    },
    "orbclient-src": {
      "flake": false,
      "locked": {
        "host": "gitlab.redox-os.org",
        "lastModified": 1768352545,
        "narHash": "sha256-KqVNAIaRx4VXNw7DbRlOyVNcMCZikoZ2Od7ualsycfM=",
        "owner": "redox-os",
        "repo": "orbclient",
        "rev": "77c28e88fcb180c750175f2dcf5c7342d357ab26",
        "type": "gitlab"
      },
      "original": {
        "host": "gitlab.redox-os.org",
        "owner": "redox-os",
        "ref": "master",
        "repo": "orbclient",
        "type": "gitlab"
      }
    },
    "orbdata-src": {
      "flake": false,
      "locked": {
        "host": "gitlab.redox-os.org",
        "lastModified": 1769374401,
        "narHash": "sha256-vu5w4gEucG+pHCSDPYSeL3FL/iel26f0lKpriyKSQQM=",
        "owner": "redox-os",
        "repo": "orbdata",
        "rev": "91a1f08ab0270b480c8a760b3bd07b2aec8efd1d",
        "type": "gitlab"
      },
      "original": {
        "host": "gitlab.redox-os.org",
        "owner": "redox-os",
        "ref": "master",
        "repo": "orbdata",
        "type": "gitlab"
      }
    },
    "orbfont-src": {
      "flake": false,
      "locked": {
        "host": "gitlab.redox-os.org",
        "lastModified": 1678240559,
        "narHash": "sha256-l7DAObnQnXfew8rn9JApmon/QMF70YoS4sxKI316Wr8=",
        "owner": "redox-os",
        "repo": "orbfont",
        "rev": "7d3be07e310fe42692968f0d5edd9598ddf9ed62",
        "type": "gitlab"
      },
      "original": {
        "host": "gitlab.redox-os.org",
        "owner": "redox-os",
        "ref": "master",
        "repo": "orbfont",
        "type": "gitlab"
      }
    },
    "orbimage-src": {
      "flake": false,
      "locked": {
        "host": "gitlab.redox-os.org",
        "lastModified": 1551119480,
        "narHash": "sha256-YPkZHSFYa8T1wLx6KnTaX+mW+8uRTxudc4zY1mQ5e50=",
        "owner": "redox-os",
        "repo": "orbimage",
        "rev": "6ac674e165746cc17615d04728df7d244959a3ba",
        "type": "gitlab"
      },
      "original": {
        "host": "gitlab.redox-os.org",
        "owner": "redox-os",
        "ref": "master",
        "repo": "orbimage",
        "type": "gitlab"
      }
    },
    "orbital-src": {
      "flake": false,
      "locked": {
        "host": "gitlab.redox-os.org",
        "lastModified": 1770828861,
        "narHash": "sha256-XcBqgQqnXEOE98ujN6WzfFMFLwNNBLacFMqmkgmJUWg=",
        "owner": "redox-os",
        "repo": "orbital",
        "rev": "3e4df3d4b50f8701f68c26826ac8ec129b35117f",
        "type": "gitlab"
      },
      "original": {
        "host": "gitlab.redox-os.org",
        "owner": "redox-os",
        "ref": "master",
        "repo": "orbital",
        "type": "gitlab"
      }
    },
    "orbterm-src": {
      "flake": false,
      "locked": {
        "host": "gitlab.redox-os.org",
        "lastModified": 1729170282,
        "narHash": "sha256-cAhE9K1z+BtBOEIF0AXorqR8PyXdEFgL0cTDL7DGrog=",
        "owner": "redox-os",
        "repo": "orbterm",
        "rev": "8ac498177e0913034ab8e1879e1127c2034eed30",
        "type": "gitlab"
      },
      "original": {
        "host": "gitlab.redox-os.org",
        "owner": "redox-os",
        "ref": "master",
        "repo": "orbterm",
        "type": "gitlab"
      }
    },
    "orbutils-src": {
      "flake": false,
      "locked": {
        "host": "gitlab.redox-os.org",
        "lastModified": 1769611440,
        "narHash": "sha256-q6tAH2P146FCKQNrvz1KhyLxeu5BHyNUyPnMzRRPrak=",
        "owner": "redox-os",
        "repo": "orbutils",
        "rev": "6f76b5ce8afe2a893880e8f21041705c675742d3",
        "type": "gitlab"
      },
      "original": {
        "host": "gitlab.redox-os.org",
        "owner": "redox-os",
        "ref": "master",
        "repo": "orbutils",
        "type": "gitlab"
      }
    },
    "pkgutils-src": {
      "flake": false,
      "locked": {
        "host": "gitlab.redox-os.org",
        "lastModified": 1768787727,
        "narHash": "sha256-mHSae/pmxAOsEA7P127/2418KJrZm8ilaQVkYpSyVt8=",
        "owner": "redox-os",
        "repo": "pkgutils",
        "rev": "1f70eb61e1cda9b86c27a0229fee5ca0868f90fc",
        "type": "gitlab"
      },
      "original": {
        "host": "gitlab.redox-os.org",
        "owner": "redox-os",
        "ref": "master",
        "repo": "pkgutils",
        "type": "gitlab"
      }
    },
    "redox-liner-src": {
      "flake": false,
      "locked": {
        "host": "gitlab.redox-os.org",
        "lastModified": 1721416659,
        "narHash": "sha256-WbNpJceHtPOyPxkN2jcd6j0OHhmwLD4DIlVWSZ+MT7Q=",
        "owner": "redox-os",
        "repo": "liner",
        "rev": "f3fb3b754623026dca820cbf36231fa92772416f",
        "type": "gitlab"
      },
      "original": {
        "host": "gitlab.redox-os.org",
        "owner": "redox-os",
        "ref": "master",
        "repo": "liner",
        "type": "gitlab"
      }
    },
    "redox-log-src": {
      "flake": false,
      "locked": {
        "host": "gitlab.redox-os.org",
        "lastModified": 1768742706,
        "narHash": "sha256-rJUrJN/ERSHeEZvCfD0jaQQyjSjXLNRl4aabap0p3D0=",
        "owner": "redox-os",
        "repo": "redox-log",
        "rev": "ac8cbc40a281879f1fee77483342edcc4de89983",
        "type": "gitlab"
      },
      "original": {
        "host": "gitlab.redox-os.org",
        "owner": "redox-os",
        "ref": "master",
        "repo": "redox-log",
        "type": "gitlab"
      }
    },
    "redox-path-src": {
      "flake": false,
      "locked": {
        "host": "gitlab.redox-os.org",
        "lastModified": 1709844628,
        "narHash": "sha256-MwQVPODweUG5EFXr7O+9jHjmRdy2TFLTgXoLmbzjgQo=",
        "owner": "redox-os",
        "repo": "redox-path",
        "rev": "9ef3ff95709b0296a69e2223b7f2474bfb721bf1",
        "type": "gitlab"
      },
      "original": {
        "host": "gitlab.redox-os.org",
        "owner": "redox-os",
        "ref": "main",
        "repo": "redox-path",
        "type": "gitlab"
      }
    },
    "redox-scheme-src": {
      "flake": false,
      "locked": {
        "host": "gitlab.redox-os.org",
        "lastModified": 1770837496,
        "narHash": "sha256-/lDQ/5pgfg4ioE8hwq6uE+skgNQmoj2zOv9QsbRqT6k=",
        "owner": "redox-os",
        "repo": "redox-scheme",
        "rev": "ba6623e971fbd6ee0b0037709b05c84026e8dbfb",
        "type": "gitlab"
      },
      "original": {
        "host": "gitlab.redox-os.org",
        "owner": "redox-os",
        "ref": "master",
        "repo": "redox-scheme",
        "type": "gitlab"
      }
    },
    "redox-src": {
      "flake": false,
      "locked": {
        "host": "gitlab.redox-os.org",
        "lastModified": 1771288158,
        "narHash": "sha256-AS5MWRCTwrEfb2RRp8g7ap+S6+pNCNyxsJeNs2AVhC4=",
        "owner": "redox-os",
        "repo": "redox",
        "rev": "613fc9f3e3676a5db16231424d06b03dd58226da",
        "type": "gitlab"
      },
      "original": {
        "host": "gitlab.redox-os.org",
        "owner": "redox-os",
        "ref": "master",
        "repo": "redox",
        "type": "gitlab"
      }
    },
    "redox-syscall-src": {
      "flake": false,
      "locked": {
        "host": "gitlab.redox-os.org",
        "lastModified": 1770837067,
        "narHash": "sha256-WPcfTExDOsfpwA01jFXeU0dDceiBwlVz16B77u1opUo=",
        "owner": "redox-os",
        "repo": "syscall",
        "rev": "95f4fed4e273b50618f81cdffb23088cada87e0e",
        "type": "gitlab"
      },
      "original": {
        "host": "gitlab.redox-os.org",
        "owner": "redox-os",
        "ref": "master",
        "repo": "syscall",
        "type": "gitlab"
      }
    },
    "redoxfs-src": {
      "flake": false,
      "locked": {
        "host": "gitlab.redox-os.org",
        "lastModified": 1768967747,
        "narHash": "sha256-hFCCHhWblr/uxtrb1BtNDlGev2clYymdUOXcAbO+XKI=",
        "owner": "redox-os",
        "repo": "redoxfs",
        "rev": "d47cd7d3f6e957e7212c94c0d498b62d4044b8af",
        "type": "gitlab"
      },
      "original": {
        "host": "gitlab.redox-os.org",
        "owner": "redox-os",
        "ref": "master",
        "repo": "redoxfs",
        "type": "gitlab"
      }
    },
    "relibc-src": {
      "flake": false,
      "locked": {
        "host": "gitlab.redox-os.org",
        "lastModified": 1771266976,
        "narHash": "sha256-go+OWzBEqlfV06g6WhUyqX+Ry+1e2E8erPSmjthk0Bw=",
        "owner": "redox-os",
        "repo": "relibc",
        "rev": "ba75b5c9dbf912b804772b30960a75418cf29f0c",
        "type": "gitlab"
      },
      "original": {
        "host": "gitlab.redox-os.org",
        "owner": "redox-os",
        "ref": "master",
        "repo": "relibc",
        "type": "gitlab"
      }
    },
    "ripgrep-src": {
      "flake": false,
      "locked": {
        "lastModified": 1725848100,
        "narHash": "sha256-gyWnahj1A+iXUQlQ1O1H1u7K5euYQOld9qWm99Vjaeg=",
        "owner": "BurntSushi",
        "repo": "ripgrep",
        "rev": "4649aa9700619f94cf9c66876e9549d83420e16c",
        "type": "github"
      },
      "original": {
        "owner": "BurntSushi",
        "ref": "14.1.1",
        "repo": "ripgrep",
        "type": "github"
      }
    },
    "rmm-src": {
      "flake": false,
      "locked": {
        "host": "gitlab.redox-os.org",
        "lastModified": 1765286924,
        "narHash": "sha256-Wcp6SdJEIcwKVATvnqTM3JVuVUdHhQktnAA9Ye7DAMU=",
        "owner": "redox-os",
        "repo": "rmm",
        "rev": "d33fc3b5b0894ed46d0c98e96ad690e6b95c9e42",
        "type": "gitlab"
      },
      "original": {
        "host": "gitlab.redox-os.org",
        "owner": "redox-os",
        "ref": "master",
        "repo": "rmm",
        "type": "gitlab"
      }
    },
    "root": {
      "inputs": {
        "base-orbital-compat-src": "base-orbital-compat-src",
        "base-src": "base-src",
        "bat-src": "bat-src",
        "binutils-src": "binutils-src",
        "bootloader-src": "bootloader-src",
        "cc-rs-src": "cc-rs-src",
        "compiler-builtins-src": "compiler-builtins-src",
        "crane": "crane",
        "dlmalloc-rs-src": "dlmalloc-rs-src",
        "drm-rs-src": "drm-rs-src",
        "dust-src": "dust-src",
        "extrautils-src": "extrautils-src",
        "fd-src": "fd-src",
        "fdt-src": "fdt-src",
        "filetime-src": "filetime-src",
        "flake-parts": "flake-parts",
        "git-hooks": "git-hooks",
        "helix-src": "helix-src",
        "hexyl-src": "hexyl-src",
        "installer-src": "installer-src",
        "ion-src": "ion-src",
        "kernel-src": "kernel-src",
        "liblibc-src": "liblibc-src",
        "libredox-src": "libredox-src",
        "netutils-src": "netutils-src",
        "nixpkgs": "nixpkgs",
        "object-src": "object-src",
        "openlibm-src": "openlibm-src",
        "orbclient-src": "orbclient-src",
        "orbdata-src": "orbdata-src",
        "orbfont-src": "orbfont-src",
        "orbimage-src": "orbimage-src",
        "orbital-src": "orbital-src",
        "orbterm-src": "orbterm-src",
        "orbutils-src": "orbutils-src",
        "pkgutils-src": "pkgutils-src",
        "redox-liner-src": "redox-liner-src",
        "redox-log-src": "redox-log-src",
        "redox-path-src": "redox-path-src",
        "redox-scheme-src": "redox-scheme-src",
        "redox-src": "redox-src",
        "redox-syscall-src": "redox-syscall-src",
        "redoxfs-src": "redoxfs-src",
        "relibc-src": "relibc-src",
        "ripgrep-src": "ripgrep-src",
        "rmm-src": "rmm-src",
        "rust-overlay": "rust-overlay",
        "rustix-redox-src": "rustix-redox-src",
        "sodium-src": "sodium-src",
        "termion-src": "termion-src",
        "treefmt-nix": "treefmt-nix",
        "uefi-src": "uefi-src",
        "userutils-src": "userutils-src",
        "uutils-src": "uutils-src",
        "zoxide-src": "zoxide-src"
      }
    },
    "rust-overlay": {
      "inputs": {
        "nixpkgs": [
          "nixpkgs"
        ]
      },
      "locked": {
        "lastModified": 1771211437,
        "narHash": "sha256-lcNK438i4DGtyA+bPXXyVLHVmJjYpVKmpux9WASa3ro=",
        "owner": "oxalica",
        "repo": "rust-overlay",
        "rev": "c62195b3d6e1bb11e0c2fb2a494117d3b55d410f",
        "type": "github"
      },
      "original": {
        "owner": "oxalica",
        "repo": "rust-overlay",
        "type": "github"
      }
    },
    "rustix-redox-src": {
      "flake": false,
      "locked": {
        "lastModified": 1763067939,
        "narHash": "sha256-ecK1zipFvX805GOdD/3SbIqu0L9ACqFYiNd7NaaGtgo=",
        "owner": "jackpot51",
        "repo": "rustix",
        "rev": "e7e66bc77455251463336582c0b97df01054ccb8",
        "type": "github"
      },
      "original": {
        "owner": "jackpot51",
        "ref": "redox-ioctl",
        "repo": "rustix",
        "type": "github"
      }
    },
    "sodium-src": {
      "flake": false,
      "locked": {
        "host": "gitlab.redox-os.org",
        "lastModified": 1733262248,
        "narHash": "sha256-pyDaMfdS+lm9eK7GhafR/GtNXEzdCphzuomE0Pbnk1Y=",
        "owner": "redox-os",
        "repo": "sodium",
        "rev": "43feb1333b739a3b6eeb476904e4aeabf3787650",
        "type": "gitlab"
      },
      "original": {
        "host": "gitlab.redox-os.org",
        "owner": "redox-os",
        "ref": "master",
        "repo": "sodium",
        "type": "gitlab"
      }
    },
    "termion-src": {
      "flake": false,
      "locked": {
        "host": "gitlab.redox-os.org",
        "lastModified": 1763752023,
        "narHash": "sha256-EI/S8FHrQ5uDqanwU3M5/XTGlIHPe929fSYq9434ygY=",
        "owner": "redox-os",
        "repo": "termion",
        "rev": "c784cec0a6f8d1b02692eb58d781acf172bb5959",
        "type": "gitlab"
      },
      "original": {
        "host": "gitlab.redox-os.org",
        "owner": "redox-os",
        "ref": "master",
        "repo": "termion",
        "type": "gitlab"
      }
    },
    "treefmt-nix": {
      "inputs": {
        "nixpkgs": [
          "nixpkgs"
        ]
      },
      "locked": {
        "lastModified": 1770228511,
        "narHash": "sha256-wQ6NJSuFqAEmIg2VMnLdCnUc0b7vslUohqqGGD+Fyxk=",
        "owner": "numtide",
        "repo": "treefmt-nix",
        "rev": "337a4fe074be1042a35086f15481d763b8ddc0e7",
        "type": "github"
      },
      "original": {
        "owner": "numtide",
        "repo": "treefmt-nix",
        "type": "github"
      }
    },
    "uefi-src": {
      "flake": false,
      "locked": {
        "host": "gitlab.redox-os.org",
        "lastModified": 1770044656,
        "narHash": "sha256-x+UQryP//WZgOVNYe8gMCdJbftmyzRVl33/83IH+Bt0=",
        "owner": "redox-os",
        "repo": "uefi",
        "rev": "26a499eeaf55d42fb24206830345e26fb8f5f835",
        "type": "gitlab"
      },
      "original": {
        "host": "gitlab.redox-os.org",
        "owner": "redox-os",
        "ref": "master",
        "repo": "uefi",
        "type": "gitlab"
      }
    },
    "userutils-src": {
      "flake": false,
      "locked": {
        "host": "gitlab.redox-os.org",
        "lastModified": 1768967907,
        "narHash": "sha256-aQ+trkDK+NRE4w6GRiAC8BDFwU6svX+ufGx4kbmpxjc=",
        "owner": "redox-os",
        "repo": "userutils",
        "rev": "72424dd28bebc60fb3ef9db64a94bc76ba7d7235",
        "type": "gitlab"
      },
      "original": {
        "host": "gitlab.redox-os.org",
        "owner": "redox-os",
        "ref": "master",
        "repo": "userutils",
        "type": "gitlab"
      }
    },
    "uutils-src": {
      "flake": false,
      "locked": {
        "lastModified": 1719095370,
        "narHash": "sha256-6MbX3C5NVwiOwXW5xJO2X3qKMh3pUSALR9aK2IbgaaU=",
        "owner": "uutils",
        "repo": "coreutils",
        "rev": "9b11753e7cb06b0f76f4221fc237019c0a86f8f5",
        "type": "github"
      },
      "original": {
        "owner": "uutils",
        "ref": "0.0.27",
        "repo": "coreutils",
        "type": "github"
      }
    },
    "zoxide-src": {
      "flake": false,
      "locked": {
        "lastModified": 1708470368,
        "narHash": "sha256-Yp7uLoFEDkb0TztcDCeAkt+EHQRt56ncPqkBtd/zzzI=",
        "owner": "ajeetdsouza",
        "repo": "zoxide",
        "rev": "418a78d348445ddca0e15b1e95c4f17e4c628b19",
        "type": "github"
      },
      "original": {
        "owner": "ajeetdsouza",
        "ref": "v0.9.4",
        "repo": "zoxide",
        "type": "github"
      }
    }
  },
  "root": "root",
  "version": 7
}
